# generated by rye
# use `rye lock` or `rye sync` to update this lockfile
#
# last locked with the following flags:
#   pre: false
#   features: []
#   all-features: false
#   with-sources: false
#   generate-hashes: false
#   universal: false

-e file:.
psycog==0.0.1
    # via dabah-service-utils
psycopg==3.2.1
    # via dabah-service-utils
python-dotenv==1.0.1
    # via dabah-service-utils
typing-extensions==4.12.2
    # via psycopg
